
Microsoft Visual Studio Solution File, Format Version 12.00
# Visual Studio Version 17
VisualStudioVersion = 17.14.36301.6
MinimumVisualStudioVersion = 10.0.40219.1
Project("{FAE04EC0-301F-11D3-BF4B-00C04F79EFBC}") = "genoapiserver", "genoapiserver\genoapiserver.csproj", "{C20E5AEA-C4E4-4533-8C2D-29531C725C43}"
EndProject
Global
	GlobalSection(SolutionConfigurationPlatforms) = preSolution
		Debug|Any CPU = Debug|Any CPU
		Release|Any CPU = Release|Any CPU
	EndGlobalSection
	GlobalSection(ProjectConfigurationPlatforms) = postSolution
		{C20E5AEA-C4E4-4533-8C2D-29531C725C43}.Debug|Any CPU.ActiveCfg = Debug|Any CPU
		{C20E5AEA-C4E4-4533-8C2D-29531C725C43}.Debug|Any CPU.Build.0 = Debug|Any CPU
		{C20E5AEA-C4E4-4533-8C2D-29531C725C43}.Release|Any CPU.ActiveCfg = Release|Any CPU
		{C20E5AEA-C4E4-4533-8C2D-29531C725C43}.Release|Any CPU.Build.0 = Release|Any CPU
	EndGlobalSection
	GlobalSection(SolutionProperties) = preSolution
		HideSolutionNode = FALSE
	EndGlobalSection
	GlobalSection(ExtensibilityGlobals) = postSolution
		SolutionGuid = {6DFDB705-5289-4D90-961B-F5E48453B95E}
	EndGlobalSection
EndGlobal
